
Microsoft Visual Studio Solution File, Format Version 11.00
# Visual Studio 2010
Project("{FAE04EC0-301F-11D3-BF4B-00C04F79EFBC}") = "Assembly-CSharp-firstpass", "Assembly-CSharp-firstpass.csproj", "{1A3FDB5A-6D50-36B1-3527-578C330B4A53}"
EndProject
Project("{FAE04EC0-301F-11D3-BF4B-00C04F79EFBC}") = "Assembly-CSharp", "Assembly-CSharp.csproj", "{58660A10-6719-6980-86E3-AE8274F3CBB2}"
EndProject
Project("{FAE04EC0-301F-11D3-BF4B-00C04F79EFBC}") = "Assembly-CSharp-Editor", "Assembly-CSharp-Editor.csproj", "{03640D90-4F12-DBBE-B893-8DEE8B21B008}"
EndProject
Project("{FAE04EC0-301F-11D3-BF4B-00C04F79EFBC}") = "Assembly-CSharp-Editor-firstpass", "Assembly-CSharp-Editor-firstpass.csproj", "{BEB8C678-28FC-BEAE-96F7-3284771D0E07}"
EndProject
Global
	GlobalSection(SolutionConfigurationPlatforms) = preSolution
		Debug|Any CPU = Debug|Any CPU
		Release|Any CPU = Release|Any CPU
	EndGlobalSection
	GlobalSection(ProjectConfigurationPlatforms) = postSolution
		{1A3FDB5A-6D50-36B1-3527-578C330B4A53}.Debug|Any CPU.ActiveCfg = Debug|Any CPU
		{1A3FDB5A-6D50-36B1-3527-578C330B4A53}.Debug|Any CPU.Build.0 = Debug|Any CPU
		{1A3FDB5A-6D50-36B1-3527-578C330B4A53}.Release|Any CPU.ActiveCfg = Release|Any CPU
		{1A3FDB5A-6D50-36B1-3527-578C330B4A53}.Release|Any CPU.Build.0 = Release|Any CPU
		{58660A10-6719-6980-86E3-AE8274F3CBB2}.Debug|Any CPU.ActiveCfg = Debug|Any CPU
		{58660A10-6719-6980-86E3-AE8274F3CBB2}.Debug|Any CPU.Build.0 = Debug|Any CPU
		{58660A10-6719-6980-86E3-AE8274F3CBB2}.Release|Any CPU.ActiveCfg = Release|Any CPU
		{58660A10-6719-6980-86E3-AE8274F3CBB2}.Release|Any CPU.Build.0 = Release|Any CPU
		{03640D90-4F12-DBBE-B893-8DEE8B21B008}.Debug|Any CPU.ActiveCfg = Debug|Any CPU
		{03640D90-4F12-DBBE-B893-8DEE8B21B008}.Debug|Any CPU.Build.0 = Debug|Any CPU
		{03640D90-4F12-DBBE-B893-8DEE8B21B008}.Release|Any CPU.ActiveCfg = Release|Any CPU
		{03640D90-4F12-DBBE-B893-8DEE8B21B008}.Release|Any CPU.Build.0 = Release|Any CPU
		{BEB8C678-28FC-BEAE-96F7-3284771D0E07}.Debug|Any CPU.ActiveCfg = Debug|Any CPU
		{BEB8C678-28FC-BEAE-96F7-3284771D0E07}.Debug|Any CPU.Build.0 = Debug|Any CPU
		{BEB8C678-28FC-BEAE-96F7-3284771D0E07}.Release|Any CPU.ActiveCfg = Release|Any CPU
		{BEB8C678-28FC-BEAE-96F7-3284771D0E07}.Release|Any CPU.Build.0 = Release|Any CPU
	EndGlobalSection
	GlobalSection(SolutionProperties) = preSolution
		HideSolutionNode = FALSE
	EndGlobalSection
EndGlobal
